
Microsoft Visual Studio Solution File, Format Version 12.00
# Visual Studio Version 16
VisualStudioVersion = 16.0.31613.86
MinimumVisualStudioVersion = 10.0.40219.1
Project("{FAE04EC0-301F-11D3-BF4B-00C04F79EFBC}") = "SistemaBorrador", "SistemaBorrador\SistemaBorrador.csproj", "{618C6C27-C4DA-4B7C-B55D-11D1B870AE69}"
EndProject
Global
	GlobalSection(SolutionConfigurationPlatforms) = preSolution
		Debug|Any CPU = Debug|Any CPU
		Release|Any CPU = Release|Any CPU
	EndGlobalSection
	GlobalSection(ProjectConfigurationPlatforms) = postSolution
		{618C6C27-C4DA-4B7C-B55D-11D1B870AE69}.Debug|Any CPU.ActiveCfg = Debug|Any CPU
		{618C6C27-C4DA-4B7C-B55D-11D1B870AE69}.Debug|Any CPU.Build.0 = Debug|Any CPU
		{618C6C27-C4DA-4B7C-B55D-11D1B870AE69}.Release|Any CPU.ActiveCfg = Release|Any CPU
		{618C6C27-C4DA-4B7C-B55D-11D1B870AE69}.Release|Any CPU.Build.0 = Release|Any CPU
	EndGlobalSection
	GlobalSection(SolutionProperties) = preSolution
		HideSolutionNode = FALSE
	EndGlobalSection
	GlobalSection(ExtensibilityGlobals) = postSolution
		SolutionGuid = {6205CF67-3037-49D4-9692-24A9E1933292}
	EndGlobalSection
EndGlobal
